
Microsoft Visual Studio Solution File, Format Version 12.00
# Visual Studio Version 17
VisualStudioVersion = 17.10.34916.146
MinimumVisualStudioVersion = 10.0.40219.1
Project("{FAE04EC0-301F-11D3-BF4B-00C04F79EFBC}") = "EmployeeManagement", "EmployeeManagement.csproj", "{5FFEB878-E233-4D1E-BA26-EF39FB83F3E8}"
EndProject
Project("{FAE04EC0-301F-11D3-BF4B-00C04F79EFBC}") = "DataAccessLayer", "..\DataAccessLayer\DataAccessLayer.csproj", "{D2996863-E519-4C8F-BAF6-2165D16B7CA2}"
EndProject
Project("{FAE04EC0-301F-11D3-BF4B-00C04F79EFBC}") = "BusinessLayer", "..\BusinessLayer\BusinessLayer.csproj", "{92286854-DFB1-4788-BEEF-AD26AED191FE}"
EndProject
Global
	GlobalSection(SolutionConfigurationPlatforms) = preSolution
		Debug|Any CPU = Debug|Any CPU
		Release|Any CPU = Release|Any CPU
	EndGlobalSection
	GlobalSection(ProjectConfigurationPlatforms) = postSolution
		{5FFEB878-E233-4D1E-BA26-EF39FB83F3E8}.Debug|Any CPU.ActiveCfg = Debug|Any CPU
		{5FFEB878-E233-4D1E-BA26-EF39FB83F3E8}.Debug|Any CPU.Build.0 = Debug|Any CPU
		{5FFEB878-E233-4D1E-BA26-EF39FB83F3E8}.Release|Any CPU.ActiveCfg = Release|Any CPU
		{5FFEB878-E233-4D1E-BA26-EF39FB83F3E8}.Release|Any CPU.Build.0 = Release|Any CPU
		{D2996863-E519-4C8F-BAF6-2165D16B7CA2}.Debug|Any CPU.ActiveCfg = Debug|Any CPU
		{D2996863-E519-4C8F-BAF6-2165D16B7CA2}.Debug|Any CPU.Build.0 = Debug|Any CPU
		{D2996863-E519-4C8F-BAF6-2165D16B7CA2}.Release|Any CPU.ActiveCfg = Release|Any CPU
		{D2996863-E519-4C8F-BAF6-2165D16B7CA2}.Release|Any CPU.Build.0 = Release|Any CPU
		{92286854-DFB1-4788-BEEF-AD26AED191FE}.Debug|Any CPU.ActiveCfg = Debug|Any CPU
		{92286854-DFB1-4788-BEEF-AD26AED191FE}.Debug|Any CPU.Build.0 = Debug|Any CPU
		{92286854-DFB1-4788-BEEF-AD26AED191FE}.Release|Any CPU.ActiveCfg = Release|Any CPU
		{92286854-DFB1-4788-BEEF-AD26AED191FE}.Release|Any CPU.Build.0 = Release|Any CPU
	EndGlobalSection
	GlobalSection(SolutionProperties) = preSolution
		HideSolutionNode = FALSE
	EndGlobalSection
	GlobalSection(ExtensibilityGlobals) = postSolution
		SolutionGuid = {FA639696-33AA-430A-A73C-5EB5F3329F98}
	EndGlobalSection
EndGlobal
